
Microsoft Visual Studio Solution File, Format Version 12.00
# Visual Studio 15
Project("{FAE04EC0-301F-11D3-BF4B-00C04F79EFBC}") = "Unity.Services.Core.Telemetry", "Unity.Services.Core.Telemetry.csproj", "{8E45555E-9325-FF7F-BF3C-BAA9A9F86845}"
EndProject
Project("{FAE04EC0-301F-11D3-BF4B-00C04F79EFBC}") = "UnityEngine.TestRunner", "UnityEngine.TestRunner.csproj", "{204F7674-D98B-9EF3-FA40-10DE4B9FCE59}"
EndProject
Project("{FAE04EC0-301F-11D3-BF4B-00C04F79EFBC}") = "UnityEngine.UI", "UnityEngine.UI.csproj", "{F1B43AAD-E24E-C405-A48D-7FBE2667F055}"
EndProject
Project("{FAE04EC0-301F-11D3-BF4B-00C04F79EFBC}") = "Unity.Services.Core.Internal", "Unity.Services.Core.Internal.csproj", "{81FC8B86-81CF-CD61-A32C-DB33ECEDDD3F}"
EndProject
Project("{FAE04EC0-301F-11D3-BF4B-00C04F79EFBC}") = "Unity.Timeline", "Unity.Timeline.csproj", "{CAEF3DFD-3C97-1C9B-80FC-2228B94CF02F}"
EndProject
Project("{FAE04EC0-301F-11D3-BF4B-00C04F79EFBC}") = "Unity.TextMeshPro", "Unity.TextMeshPro.csproj", "{CBA33B25-A423-DCCD-A461-636C02B159DE}"
EndProject
Project("{FAE04EC0-301F-11D3-BF4B-00C04F79EFBC}") = "Unity.Services.Core.Environments.Internal", "Unity.Services.Core.Environments.Internal.csproj", "{9597CDB1-89A6-EB4A-3236-4B4A309A3576}"
EndProject
Project("{FAE04EC0-301F-11D3-BF4B-00C04F79EFBC}") = "Unity.Services.Core", "Unity.Services.Core.csproj", "{5421D7FC-8087-2A08-6FF9-55218C619FE2}"
EndProject
Project("{FAE04EC0-301F-11D3-BF4B-00C04F79EFBC}") = "Unity.Services.Core.Scheduler", "Unity.Services.Core.Scheduler.csproj", "{9A6558F6-5680-156C-6531-DE2D1E6BABB3}"
EndProject
Project("{FAE04EC0-301F-11D3-BF4B-00C04F79EFBC}") = "Unity.Services.Core.Configuration", "Unity.Services.Core.Configuration.csproj", "{581BF026-AA89-133D-B97C-EA6B9C8F974B}"
EndProject
Project("{FAE04EC0-301F-11D3-BF4B-00C04F79EFBC}") = "Unity.Services.Core.Environments", "Unity.Services.Core.Environments.csproj", "{9CD6A629-0EA7-4703-1600-A75C7787981B}"
EndProject
Project("{FAE04EC0-301F-11D3-BF4B-00C04F79EFBC}") = "Unity.Services.Core.Networking", "Unity.Services.Core.Networking.csproj", "{814DCC86-3C7E-694F-B325-F5A027D88CF5}"
EndProject
Project("{FAE04EC0-301F-11D3-BF4B-00C04F79EFBC}") = "Unity.Services.Core.Analytics", "Unity.Services.Core.Analytics.csproj", "{4FF201D8-D45E-49EB-6488-1BDE004F377B}"
EndProject
Project("{FAE04EC0-301F-11D3-BF4B-00C04F79EFBC}") = "Unity.Services.Core.Registration", "Unity.Services.Core.Registration.csproj", "{F62F7387-F268-DBC2-3DDD-A710D28D72CD}"
EndProject
Project("{FAE04EC0-301F-11D3-BF4B-00C04F79EFBC}") = "Unity.Services.Core.Device", "Unity.Services.Core.Device.csproj", "{9BA706AB-BDFA-7145-7F1D-37BCF113E479}"
EndProject
Project("{FAE04EC0-301F-11D3-BF4B-00C04F79EFBC}") = "Unity.Services.Core.Threading", "Unity.Services.Core.Threading.csproj", "{98AD5429-A9DD-AEE6-28C3-A6818EED4E52}"
EndProject
Project("{FAE04EC0-301F-11D3-BF4B-00C04F79EFBC}") = "Assembly-CSharp", "Assembly-CSharp.csproj", "{69B6C8F0-A092-6A6A-098C-0C119DFDB7A6}"
EndProject
Project("{FAE04EC0-301F-11D3-BF4B-00C04F79EFBC}") = "UnityEditor.TestRunner", "UnityEditor.TestRunner.csproj", "{AA35C3C3-BD7A-681E-8042-04D13CCEB786}"
EndProject
Project("{FAE04EC0-301F-11D3-BF4B-00C04F79EFBC}") = "Unity.PlasticSCM.Editor", "Unity.PlasticSCM.Editor.csproj", "{BEEC2AA3-A7B5-3C11-09D3-4354912FF529}"
EndProject
Project("{FAE04EC0-301F-11D3-BF4B-00C04F79EFBC}") = "UnityEditor.UI", "UnityEditor.UI.csproj", "{CF8E457E-A122-A3C7-4C3F-6C00AEA4A55C}"
EndProject
Project("{FAE04EC0-301F-11D3-BF4B-00C04F79EFBC}") = "Unity.Timeline.Editor", "Unity.Timeline.Editor.csproj", "{1BF7C760-C888-93E8-9727-909C1C9D09C1}"
EndProject
Project("{FAE04EC0-301F-11D3-BF4B-00C04F79EFBC}") = "Unity.VisualStudio.Editor", "Unity.VisualStudio.Editor.csproj", "{12E3E132-5755-657A-605C-34FD7C072800}"
EndProject
Project("{FAE04EC0-301F-11D3-BF4B-00C04F79EFBC}") = "Unity.TextMeshPro.Editor", "Unity.TextMeshPro.Editor.csproj", "{89A3A06D-F41A-65F2-2B2A-779C3B2F136B}"
EndProject
Project("{FAE04EC0-301F-11D3-BF4B-00C04F79EFBC}") = "Unity.CollabProxy.Editor", "Unity.CollabProxy.Editor.csproj", "{8E719C5E-2A2F-40B6-4149-EEB1EDBE418F}"
EndProject
Project("{FAE04EC0-301F-11D3-BF4B-00C04F79EFBC}") = "Unity.Services.Core.Editor", "Unity.Services.Core.Editor.csproj", "{147F8015-EC22-D9B0-9403-506FB1CF7D7A}"
EndProject
Project("{FAE04EC0-301F-11D3-BF4B-00C04F79EFBC}") = "Unity.Rider.Editor", "Unity.Rider.Editor.csproj", "{758C9A33-0D8C-5AB3-A253-A9DCD3016D89}"
EndProject
Project("{FAE04EC0-301F-11D3-BF4B-00C04F79EFBC}") = "Unity.VSCode.Editor", "Unity.VSCode.Editor.csproj", "{1B4F5BCC-ABCF-E72A-88D2-2CE191E29830}"
EndProject
Project("{FAE04EC0-301F-11D3-BF4B-00C04F79EFBC}") = "Unity.Services.Core.Configuration.Editor", "Unity.Services.Core.Configuration.Editor.csproj", "{6A9A14A3-022A-3529-21EC-F8798AF3077A}"
EndProject
Project("{FAE04EC0-301F-11D3-BF4B-00C04F79EFBC}") = "Unity.Services.Core.Telemetry", "Unity.Services.Core.Telemetry.Player.csproj", "{71482161-F37A-A333-C32A-B14E0AD09AD0}"
EndProject
Project("{FAE04EC0-301F-11D3-BF4B-00C04F79EFBC}") = "UnityEngine.TestRunner", "UnityEngine.TestRunner.Player.csproj", "{95A5CEBE-0B1E-A13B-5769-04B438091B05}"
EndProject
Project("{FAE04EC0-301F-11D3-BF4B-00C04F79EFBC}") = "UnityEngine.UI", "UnityEngine.UI.Player.csproj", "{2D27C01C-80B1-17E7-7679-0BF25ECD0D14}"
EndProject
Project("{FAE04EC0-301F-11D3-BF4B-00C04F79EFBC}") = "Unity.Services.Core.Internal", "Unity.Services.Core.Internal.Player.csproj", "{F00A4955-51DE-4137-3D78-750BA4831778}"
EndProject
Project("{FAE04EC0-301F-11D3-BF4B-00C04F79EFBC}") = "Unity.Timeline", "Unity.Timeline.Player.csproj", "{78C41AE9-CB3D-7AAA-1E59-5AABFC10FF56}"
EndProject
Project("{FAE04EC0-301F-11D3-BF4B-00C04F79EFBC}") = "Unity.TextMeshPro", "Unity.TextMeshPro.Player.csproj", "{D8E7E951-4A28-E96C-FE3F-7D4280B141EE}"
EndProject
Project("{FAE04EC0-301F-11D3-BF4B-00C04F79EFBC}") = "Unity.Services.Core.Environments.Internal", "Unity.Services.Core.Environments.Internal.Player.csproj", "{0F37D799-D09C-BB48-74C1-796DF7A32060}"
EndProject
Project("{FAE04EC0-301F-11D3-BF4B-00C04F79EFBC}") = "Unity.Services.Core", "Unity.Services.Core.Player.csproj", "{8E3ECB59-B59B-7B00-C2C6-A287B81C60A2}"
EndProject
Project("{FAE04EC0-301F-11D3-BF4B-00C04F79EFBC}") = "Unity.Services.Core.Scheduler", "Unity.Services.Core.Scheduler.Player.csproj", "{5639909A-E45D-C70A-1B80-5B74029E4BA9}"
EndProject
Project("{FAE04EC0-301F-11D3-BF4B-00C04F79EFBC}") = "Unity.Services.Core.Configuration", "Unity.Services.Core.Configuration.Player.csproj", "{53820024-8FCF-ADAA-0DBC-A098EA186893}"
EndProject
Project("{FAE04EC0-301F-11D3-BF4B-00C04F79EFBC}") = "Unity.Services.Core.Environments", "Unity.Services.Core.Environments.Player.csproj", "{E66CDF6B-DC5C-F15E-B5BA-757ACCBA9552}"
EndProject
Project("{FAE04EC0-301F-11D3-BF4B-00C04F79EFBC}") = "Unity.Services.Core.Networking", "Unity.Services.Core.Networking.Player.csproj", "{5658D86F-2526-CE67-E56C-7ECB7FB9D436}"
EndProject
Project("{FAE04EC0-301F-11D3-BF4B-00C04F79EFBC}") = "Unity.Services.Core.Analytics", "Unity.Services.Core.Analytics.Player.csproj", "{84E71B44-B258-E2D0-E20B-15EAA2351BA2}"
EndProject
Project("{FAE04EC0-301F-11D3-BF4B-00C04F79EFBC}") = "Unity.Services.Core.Registration", "Unity.Services.Core.Registration.Player.csproj", "{00776D07-DA3E-3302-FD83-837CBA7B0979}"
EndProject
Project("{FAE04EC0-301F-11D3-BF4B-00C04F79EFBC}") = "Unity.Services.Core.Device", "Unity.Services.Core.Device.Player.csproj", "{5C797128-FAF2-F8C3-42C6-C411F7424244}"
EndProject
Project("{FAE04EC0-301F-11D3-BF4B-00C04F79EFBC}") = "Unity.Services.Core.Threading", "Unity.Services.Core.Threading.Player.csproj", "{9C81069A-8ACA-5547-4774-968247471723}"
EndProject
Project("{FAE04EC0-301F-11D3-BF4B-00C04F79EFBC}") = "Assembly-CSharp", "Assembly-CSharp.Player.csproj", "{44F043C3-057A-E7F3-BF1F-16D95C753694}"
EndProject
Global
	GlobalSection(SolutionConfigurationPlatforms) = preSolution
		Debug|Any CPU = Debug|Any CPU
		Release|Any CPU = Release|Any CPU
	EndGlobalSection
	GlobalSection(ProjectConfigurationPlatforms) = postSolution
		{8E45555E-9325-FF7F-BF3C-BAA9A9F86845}.Debug|Any CPU.ActiveCfg = Debug|Any CPU
		{8E45555E-9325-FF7F-BF3C-BAA9A9F86845}.Debug|Any CPU.Build.0 = Debug|Any CPU
		{8E45555E-9325-FF7F-BF3C-BAA9A9F86845}.Release|Any CPU.ActiveCfg = Release|Any CPU
		{8E45555E-9325-FF7F-BF3C-BAA9A9F86845}.Release|Any CPU.Build.0 = Release|Any CPU
		{204F7674-D98B-9EF3-FA40-10DE4B9FCE59}.Debug|Any CPU.ActiveCfg = Debug|Any CPU
		{204F7674-D98B-9EF3-FA40-10DE4B9FCE59}.Debug|Any CPU.Build.0 = Debug|Any CPU
		{204F7674-D98B-9EF3-FA40-10DE4B9FCE59}.Release|Any CPU.ActiveCfg = Release|Any CPU
		{204F7674-D98B-9EF3-FA40-10DE4B9FCE59}.Release|Any CPU.Build.0 = Release|Any CPU
		{F1B43AAD-E24E-C405-A48D-7FBE2667F055}.Debug|Any CPU.ActiveCfg = Debug|Any CPU
		{F1B43AAD-E24E-C405-A48D-7FBE2667F055}.Debug|Any CPU.Build.0 = Debug|Any CPU
		{F1B43AAD-E24E-C405-A48D-7FBE2667F055}.Release|Any CPU.ActiveCfg = Release|Any CPU
		{F1B43AAD-E24E-C405-A48D-7FBE2667F055}.Release|Any CPU.Build.0 = Release|Any CPU
		{81FC8B86-81CF-CD61-A32C-DB33ECEDDD3F}.Debug|Any CPU.ActiveCfg = Debug|Any CPU
		{81FC8B86-81CF-CD61-A32C-DB33ECEDDD3F}.Debug|Any CPU.Build.0 = Debug|Any CPU
		{81FC8B86-81CF-CD61-A32C-DB33ECEDDD3F}.Release|Any CPU.ActiveCfg = Release|Any CPU
		{81FC8B86-81CF-CD61-A32C-DB33ECEDDD3F}.Release|Any CPU.Build.0 = Release|Any CPU
		{CAEF3DFD-3C97-1C9B-80FC-2228B94CF02F}.Debug|Any CPU.ActiveCfg = Debug|Any CPU
		{CAEF3DFD-3C97-1C9B-80FC-2228B94CF02F}.Debug|Any CPU.Build.0 = Debug|Any CPU
		{CAEF3DFD-3C97-1C9B-80FC-2228B94CF02F}.Release|Any CPU.ActiveCfg = Release|Any CPU
		{CAEF3DFD-3C97-1C9B-80FC-2228B94CF02F}.Release|Any CPU.Build.0 = Release|Any CPU
		{CBA33B25-A423-DCCD-A461-636C02B159DE}.Debug|Any CPU.ActiveCfg = Debug|Any CPU
		{CBA33B25-A423-DCCD-A461-636C02B159DE}.Debug|Any CPU.Build.0 = Debug|Any CPU
		{CBA33B25-A423-DCCD-A461-636C02B159DE}.Release|Any CPU.ActiveCfg = Release|Any CPU
		{CBA33B25-A423-DCCD-A461-636C02B159DE}.Release|Any CPU.Build.0 = Release|Any CPU
		{9597CDB1-89A6-EB4A-3236-4B4A309A3576}.Debug|Any CPU.ActiveCfg = Debug|Any CPU
		{9597CDB1-89A6-EB4A-3236-4B4A309A3576}.Debug|Any CPU.Build.0 = Debug|Any CPU
		{9597CDB1-89A6-EB4A-3236-4B4A309A3576}.Release|Any CPU.ActiveCfg = Release|Any CPU
		{9597CDB1-89A6-EB4A-3236-4B4A309A3576}.Release|Any CPU.Build.0 = Release|Any CPU
		{5421D7FC-8087-2A08-6FF9-55218C619FE2}.Debug|Any CPU.ActiveCfg = Debug|Any CPU
		{5421D7FC-8087-2A08-6FF9-55218C619FE2}.Debug|Any CPU.Build.0 = Debug|Any CPU
		{5421D7FC-8087-2A08-6FF9-55218C619FE2}.Release|Any CPU.ActiveCfg = Release|Any CPU
		{5421D7FC-8087-2A08-6FF9-55218C619FE2}.Release|Any CPU.Build.0 = Release|Any CPU
		{9A6558F6-5680-156C-6531-DE2D1E6BABB3}.Debug|Any CPU.ActiveCfg = Debug|Any CPU
		{9A6558F6-5680-156C-6531-DE2D1E6BABB3}.Debug|Any CPU.Build.0 = Debug|Any CPU
		{9A6558F6-5680-156C-6531-DE2D1E6BABB3}.Release|Any CPU.ActiveCfg = Release|Any CPU
		{9A6558F6-5680-156C-6531-DE2D1E6BABB3}.Release|Any CPU.Build.0 = Release|Any CPU
		{581BF026-AA89-133D-B97C-EA6B9C8F974B}.Debug|Any CPU.ActiveCfg = Debug|Any CPU
		{581BF026-AA89-133D-B97C-EA6B9C8F974B}.Debug|Any CPU.Build.0 = Debug|Any CPU
		{581BF026-AA89-133D-B97C-EA6B9C8F974B}.Release|Any CPU.ActiveCfg = Release|Any CPU
		{581BF026-AA89-133D-B97C-EA6B9C8F974B}.Release|Any CPU.Build.0 = Release|Any CPU
		{9CD6A629-0EA7-4703-1600-A75C7787981B}.Debug|Any CPU.ActiveCfg = Debug|Any CPU
		{9CD6A629-0EA7-4703-1600-A75C7787981B}.Debug|Any CPU.Build.0 = Debug|Any CPU
		{9CD6A629-0EA7-4703-1600-A75C7787981B}.Release|Any CPU.ActiveCfg = Release|Any CPU
		{9CD6A629-0EA7-4703-1600-A75C7787981B}.Release|Any CPU.Build.0 = Release|Any CPU
		{814DCC86-3C7E-694F-B325-F5A027D88CF5}.Debug|Any CPU.ActiveCfg = Debug|Any CPU
		{814DCC86-3C7E-694F-B325-F5A027D88CF5}.Debug|Any CPU.Build.0 = Debug|Any CPU
		{814DCC86-3C7E-694F-B325-F5A027D88CF5}.Release|Any CPU.ActiveCfg = Release|Any CPU
		{814DCC86-3C7E-694F-B325-F5A027D88CF5}.Release|Any CPU.Build.0 = Release|Any CPU
		{4FF201D8-D45E-49EB-6488-1BDE004F377B}.Debug|Any CPU.ActiveCfg = Debug|Any CPU
		{4FF201D8-D45E-49EB-6488-1BDE004F377B}.Debug|Any CPU.Build.0 = Debug|Any CPU
		{4FF201D8-D45E-49EB-6488-1BDE004F377B}.Release|Any CPU.ActiveCfg = Release|Any CPU
		{4FF201D8-D45E-49EB-6488-1BDE004F377B}.Release|Any CPU.Build.0 = Release|Any CPU
		{F62F7387-F268-DBC2-3DDD-A710D28D72CD}.Debug|Any CPU.ActiveCfg = Debug|Any CPU
		{F62F7387-F268-DBC2-3DDD-A710D28D72CD}.Debug|Any CPU.Build.0 = Debug|Any CPU
		{F62F7387-F268-DBC2-3DDD-A710D28D72CD}.Release|Any CPU.ActiveCfg = Release|Any CPU
		{F62F7387-F268-DBC2-3DDD-A710D28D72CD}.Release|Any CPU.Build.0 = Release|Any CPU
		{9BA706AB-BDFA-7145-7F1D-37BCF113E479}.Debug|Any CPU.ActiveCfg = Debug|Any CPU
		{9BA706AB-BDFA-7145-7F1D-37BCF113E479}.Debug|Any CPU.Build.0 = Debug|Any CPU
		{9BA706AB-BDFA-7145-7F1D-37BCF113E479}.Release|Any CPU.ActiveCfg = Release|Any CPU
		{9BA706AB-BDFA-7145-7F1D-37BCF113E479}.Release|Any CPU.Build.0 = Release|Any CPU
		{98AD5429-A9DD-AEE6-28C3-A6818EED4E52}.Debug|Any CPU.ActiveCfg = Debug|Any CPU
		{98AD5429-A9DD-AEE6-28C3-A6818EED4E52}.Debug|Any CPU.Build.0 = Debug|Any CPU
		{98AD5429-A9DD-AEE6-28C3-A6818EED4E52}.Release|Any CPU.ActiveCfg = Release|Any CPU
		{98AD5429-A9DD-AEE6-28C3-A6818EED4E52}.Release|Any CPU.Build.0 = Release|Any CPU
		{69B6C8F0-A092-6A6A-098C-0C119DFDB7A6}.Debug|Any CPU.ActiveCfg = Debug|Any CPU
		{69B6C8F0-A092-6A6A-098C-0C119DFDB7A6}.Debug|Any CPU.Build.0 = Debug|Any CPU
		{69B6C8F0-A092-6A6A-098C-0C119DFDB7A6}.Release|Any CPU.ActiveCfg = Release|Any CPU
		{69B6C8F0-A092-6A6A-098C-0C119DFDB7A6}.Release|Any CPU.Build.0 = Release|Any CPU
		{AA35C3C3-BD7A-681E-8042-04D13CCEB786}.Debug|Any CPU.ActiveCfg = Debug|Any CPU
		{AA35C3C3-BD7A-681E-8042-04D13CCEB786}.Debug|Any CPU.Build.0 = Debug|Any CPU
		{AA35C3C3-BD7A-681E-8042-04D13CCEB786}.Release|Any CPU.ActiveCfg = Release|Any CPU
		{AA35C3C3-BD7A-681E-8042-04D13CCEB786}.Release|Any CPU.Build.0 = Release|Any CPU
		{BEEC2AA3-A7B5-3C11-09D3-4354912FF529}.Debug|Any CPU.ActiveCfg = Debug|Any CPU
		{BEEC2AA3-A7B5-3C11-09D3-4354912FF529}.Debug|Any CPU.Build.0 = Debug|Any CPU
		{BEEC2AA3-A7B5-3C11-09D3-4354912FF529}.Release|Any CPU.ActiveCfg = Release|Any CPU
		{BEEC2AA3-A7B5-3C11-09D3-4354912FF529}.Release|Any CPU.Build.0 = Release|Any CPU
		{CF8E457E-A122-A3C7-4C3F-6C00AEA4A55C}.Debug|Any CPU.ActiveCfg = Debug|Any CPU
		{CF8E457E-A122-A3C7-4C3F-6C00AEA4A55C}.Debug|Any CPU.Build.0 = Debug|Any CPU
		{CF8E457E-A122-A3C7-4C3F-6C00AEA4A55C}.Release|Any CPU.ActiveCfg = Release|Any CPU
		{CF8E457E-A122-A3C7-4C3F-6C00AEA4A55C}.Release|Any CPU.Build.0 = Release|Any CPU
		{1BF7C760-C888-93E8-9727-909C1C9D09C1}.Debug|Any CPU.ActiveCfg = Debug|Any CPU
		{1BF7C760-C888-93E8-9727-909C1C9D09C1}.Debug|Any CPU.Build.0 = Debug|Any CPU
		{1BF7C760-C888-93E8-9727-909C1C9D09C1}.Release|Any CPU.ActiveCfg = Release|Any CPU
		{1BF7C760-C888-93E8-9727-909C1C9D09C1}.Release|Any CPU.Build.0 = Release|Any CPU
		{12E3E132-5755-657A-605C-34FD7C072800}.Debug|Any CPU.ActiveCfg = Debug|Any CPU
		{12E3E132-5755-657A-605C-34FD7C072800}.Debug|Any CPU.Build.0 = Debug|Any CPU
		{12E3E132-5755-657A-605C-34FD7C072800}.Release|Any CPU.ActiveCfg = Release|Any CPU
		{12E3E132-5755-657A-605C-34FD7C072800}.Release|Any CPU.Build.0 = Release|Any CPU
		{89A3A06D-F41A-65F2-2B2A-779C3B2F136B}.Debug|Any CPU.ActiveCfg = Debug|Any CPU
		{89A3A06D-F41A-65F2-2B2A-779C3B2F136B}.Debug|Any CPU.Build.0 = Debug|Any CPU
		{89A3A06D-F41A-65F2-2B2A-779C3B2F136B}.Release|Any CPU.ActiveCfg = Release|Any CPU
		{89A3A06D-F41A-65F2-2B2A-779C3B2F136B}.Release|Any CPU.Build.0 = Release|Any CPU
		{8E719C5E-2A2F-40B6-4149-EEB1EDBE418F}.Debug|Any CPU.ActiveCfg = Debug|Any CPU
		{8E719C5E-2A2F-40B6-4149-EEB1EDBE418F}.Debug|Any CPU.Build.0 = Debug|Any CPU
		{8E719C5E-2A2F-40B6-4149-EEB1EDBE418F}.Release|Any CPU.ActiveCfg = Release|Any CPU
		{8E719C5E-2A2F-40B6-4149-EEB1EDBE418F}.Release|Any CPU.Build.0 = Release|Any CPU
		{147F8015-EC22-D9B0-9403-506FB1CF7D7A}.Debug|Any CPU.ActiveCfg = Debug|Any CPU
		{147F8015-EC22-D9B0-9403-506FB1CF7D7A}.Debug|Any CPU.Build.0 = Debug|Any CPU
		{147F8015-EC22-D9B0-9403-506FB1CF7D7A}.Release|Any CPU.ActiveCfg = Release|Any CPU
		{147F8015-EC22-D9B0-9403-506FB1CF7D7A}.Release|Any CPU.Build.0 = Release|Any CPU
		{758C9A33-0D8C-5AB3-A253-A9DCD3016D89}.Debug|Any CPU.ActiveCfg = Debug|Any CPU
		{758C9A33-0D8C-5AB3-A253-A9DCD3016D89}.Debug|Any CPU.Build.0 = Debug|Any CPU
		{758C9A33-0D8C-5AB3-A253-A9DCD3016D89}.Release|Any CPU.ActiveCfg = Release|Any CPU
		{758C9A33-0D8C-5AB3-A253-A9DCD3016D89}.Release|Any CPU.Build.0 = Release|Any CPU
		{1B4F5BCC-ABCF-E72A-88D2-2CE191E29830}.Debug|Any CPU.ActiveCfg = Debug|Any CPU
		{1B4F5BCC-ABCF-E72A-88D2-2CE191E29830}.Debug|Any CPU.Build.0 = Debug|Any CPU
		{1B4F5BCC-ABCF-E72A-88D2-2CE191E29830}.Release|Any CPU.ActiveCfg = Release|Any CPU
		{1B4F5BCC-ABCF-E72A-88D2-2CE191E29830}.Release|Any CPU.Build.0 = Release|Any CPU
		{6A9A14A3-022A-3529-21EC-F8798AF3077A}.Debug|Any CPU.ActiveCfg = Debug|Any CPU
		{6A9A14A3-022A-3529-21EC-F8798AF3077A}.Debug|Any CPU.Build.0 = Debug|Any CPU
		{6A9A14A3-022A-3529-21EC-F8798AF3077A}.Release|Any CPU.ActiveCfg = Release|Any CPU
		{6A9A14A3-022A-3529-21EC-F8798AF3077A}.Release|Any CPU.Build.0 = Release|Any CPU
		{71482161-F37A-A333-C32A-B14E0AD09AD0}.Debug|Any CPU.ActiveCfg = Debug|Any CPU
		{71482161-F37A-A333-C32A-B14E0AD09AD0}.Debug|Any CPU.Build.0 = Debug|Any CPU
		{71482161-F37A-A333-C32A-B14E0AD09AD0}.Release|Any CPU.ActiveCfg = Release|Any CPU
		{71482161-F37A-A333-C32A-B14E0AD09AD0}.Release|Any CPU.Build.0 = Release|Any CPU
		{95A5CEBE-0B1E-A13B-5769-04B438091B05}.Debug|Any CPU.ActiveCfg = Debug|Any CPU
		{95A5CEBE-0B1E-A13B-5769-04B438091B05}.Debug|Any CPU.Build.0 = Debug|Any CPU
		{95A5CEBE-0B1E-A13B-5769-04B438091B05}.Release|Any CPU.ActiveCfg = Release|Any CPU
		{95A5CEBE-0B1E-A13B-5769-04B438091B05}.Release|Any CPU.Build.0 = Release|Any CPU
		{2D27C01C-80B1-17E7-7679-0BF25ECD0D14}.Debug|Any CPU.ActiveCfg = Debug|Any CPU
		{2D27C01C-80B1-17E7-7679-0BF25ECD0D14}.Debug|Any CPU.Build.0 = Debug|Any CPU
		{2D27C01C-80B1-17E7-7679-0BF25ECD0D14}.Release|Any CPU.ActiveCfg = Release|Any CPU
		{2D27C01C-80B1-17E7-7679-0BF25ECD0D14}.Release|Any CPU.Build.0 = Release|Any CPU
		{F00A4955-51DE-4137-3D78-750BA4831778}.Debug|Any CPU.ActiveCfg = Debug|Any CPU
		{F00A4955-51DE-4137-3D78-750BA4831778}.Debug|Any CPU.Build.0 = Debug|Any CPU
		{F00A4955-51DE-4137-3D78-750BA4831778}.Release|Any CPU.ActiveCfg = Release|Any CPU
		{F00A4955-51DE-4137-3D78-750BA4831778}.Release|Any CPU.Build.0 = Release|Any CPU
		{78C41AE9-CB3D-7AAA-1E59-5AABFC10FF56}.Debug|Any CPU.ActiveCfg = Debug|Any CPU
		{78C41AE9-CB3D-7AAA-1E59-5AABFC10FF56}.Debug|Any CPU.Build.0 = Debug|Any CPU
		{78C41AE9-CB3D-7AAA-1E59-5AABFC10FF56}.Release|Any CPU.ActiveCfg = Release|Any CPU
		{78C41AE9-CB3D-7AAA-1E59-5AABFC10FF56}.Release|Any CPU.Build.0 = Release|Any CPU
		{D8E7E951-4A28-E96C-FE3F-7D4280B141EE}.Debug|Any CPU.ActiveCfg = Debug|Any CPU
		{D8E7E951-4A28-E96C-FE3F-7D4280B141EE}.Debug|Any CPU.Build.0 = Debug|Any CPU
		{D8E7E951-4A28-E96C-FE3F-7D4280B141EE}.Release|Any CPU.ActiveCfg = Release|Any CPU
		{D8E7E951-4A28-E96C-FE3F-7D4280B141EE}.Release|Any CPU.Build.0 = Release|Any CPU
		{0F37D799-D09C-BB48-74C1-796DF7A32060}.Debug|Any CPU.ActiveCfg = Debug|Any CPU
		{0F37D799-D09C-BB48-74C1-796DF7A32060}.Debug|Any CPU.Build.0 = Debug|Any CPU
		{0F37D799-D09C-BB48-74C1-796DF7A32060}.Release|Any CPU.ActiveCfg = Release|Any CPU
		{0F37D799-D09C-BB48-74C1-796DF7A32060}.Release|Any CPU.Build.0 = Release|Any CPU
		{8E3ECB59-B59B-7B00-C2C6-A287B81C60A2}.Debug|Any CPU.ActiveCfg = Debug|Any CPU
		{8E3ECB59-B59B-7B00-C2C6-A287B81C60A2}.Debug|Any CPU.Build.0 = Debug|Any CPU
		{8E3ECB59-B59B-7B00-C2C6-A287B81C60A2}.Release|Any CPU.ActiveCfg = Release|Any CPU
		{8E3ECB59-B59B-7B00-C2C6-A287B81C60A2}.Release|Any CPU.Build.0 = Release|Any CPU
		{5639909A-E45D-C70A-1B80-5B74029E4BA9}.Debug|Any CPU.ActiveCfg = Debug|Any CPU
		{5639909A-E45D-C70A-1B80-5B74029E4BA9}.Debug|Any CPU.Build.0 = Debug|Any CPU
		{5639909A-E45D-C70A-1B80-5B74029E4BA9}.Release|Any CPU.ActiveCfg = Release|Any CPU
		{5639909A-E45D-C70A-1B80-5B74029E4BA9}.Release|Any CPU.Build.0 = Release|Any CPU
		{53820024-8FCF-ADAA-0DBC-A098EA186893}.Debug|Any CPU.ActiveCfg = Debug|Any CPU
		{53820024-8FCF-ADAA-0DBC-A098EA186893}.Debug|Any CPU.Build.0 = Debug|Any CPU
		{53820024-8FCF-ADAA-0DBC-A098EA186893}.Release|Any CPU.ActiveCfg = Release|Any CPU
		{53820024-8FCF-ADAA-0DBC-A098EA186893}.Release|Any CPU.Build.0 = Release|Any CPU
		{E66CDF6B-DC5C-F15E-B5BA-757ACCBA9552}.Debug|Any CPU.ActiveCfg = Debug|Any CPU
		{E66CDF6B-DC5C-F15E-B5BA-757ACCBA9552}.Debug|Any CPU.Build.0 = Debug|Any CPU
		{E66CDF6B-DC5C-F15E-B5BA-757ACCBA9552}.Release|Any CPU.ActiveCfg = Release|Any CPU
		{E66CDF6B-DC5C-F15E-B5BA-757ACCBA9552}.Release|Any CPU.Build.0 = Release|Any CPU
		{5658D86F-2526-CE67-E56C-7ECB7FB9D436}.Debug|Any CPU.ActiveCfg = Debug|Any CPU
		{5658D86F-2526-CE67-E56C-7ECB7FB9D436}.Debug|Any CPU.Build.0 = Debug|Any CPU
		{5658D86F-2526-CE67-E56C-7ECB7FB9D436}.Release|Any CPU.ActiveCfg = Release|Any CPU
		{5658D86F-2526-CE67-E56C-7ECB7FB9D436}.Release|Any CPU.Build.0 = Release|Any CPU
		{84E71B44-B258-E2D0-E20B-15EAA2351BA2}.Debug|Any CPU.ActiveCfg = Debug|Any CPU
		{84E71B44-B258-E2D0-E20B-15EAA2351BA2}.Debug|Any CPU.Build.0 = Debug|Any CPU
		{84E71B44-B258-E2D0-E20B-15EAA2351BA2}.Release|Any CPU.ActiveCfg = Release|Any CPU
		{84E71B44-B258-E2D0-E20B-15EAA2351BA2}.Release|Any CPU.Build.0 = Release|Any CPU
		{00776D07-DA3E-3302-FD83-837CBA7B0979}.Debug|Any CPU.ActiveCfg = Debug|Any CPU
		{00776D07-DA3E-3302-FD83-837CBA7B0979}.Debug|Any CPU.Build.0 = Debug|Any CPU
		{00776D07-DA3E-3302-FD83-837CBA7B0979}.Release|Any CPU.ActiveCfg = Release|Any CPU
		{00776D07-DA3E-3302-FD83-837CBA7B0979}.Release|Any CPU.Build.0 = Release|Any CPU
		{5C797128-FAF2-F8C3-42C6-C411F7424244}.Debug|Any CPU.ActiveCfg = Debug|Any CPU
		{5C797128-FAF2-F8C3-42C6-C411F7424244}.Debug|Any CPU.Build.0 = Debug|Any CPU
		{5C797128-FAF2-F8C3-42C6-C411F7424244}.Release|Any CPU.ActiveCfg = Release|Any CPU
		{5C797128-FAF2-F8C3-42C6-C411F7424244}.Release|Any CPU.Build.0 = Release|Any CPU
		{9C81069A-8ACA-5547-4774-968247471723}.Debug|Any CPU.ActiveCfg = Debug|Any CPU
		{9C81069A-8ACA-5547-4774-968247471723}.Debug|Any CPU.Build.0 = Debug|Any CPU
		{9C81069A-8ACA-5547-4774-968247471723}.Release|Any CPU.ActiveCfg = Release|Any CPU
		{9C81069A-8ACA-5547-4774-968247471723}.Release|Any CPU.Build.0 = Release|Any CPU
		{44F043C3-057A-E7F3-BF1F-16D95C753694}.Debug|Any CPU.ActiveCfg = Debug|Any CPU
		{44F043C3-057A-E7F3-BF1F-16D95C753694}.Debug|Any CPU.Build.0 = Debug|Any CPU
		{44F043C3-057A-E7F3-BF1F-16D95C753694}.Release|Any CPU.ActiveCfg = Release|Any CPU
		{44F043C3-057A-E7F3-BF1F-16D95C753694}.Release|Any CPU.Build.0 = Release|Any CPU
	EndGlobalSection
	GlobalSection(SolutionProperties) = preSolution
		HideSolutionNode = FALSE
	EndGlobalSection
EndGlobal
